
Microsoft Visual Studio Solution File, Format Version 12.00
# Visual Studio Version 16
VisualStudioVersion = 16.0.32929.386
MinimumVisualStudioVersion = 10.0.40219.1
Project("{FAE04EC0-301F-11D3-BF4B-00C04F79EFBC}") = "QL_ThuChi", "QL_ThuChi.csproj", "{69B39EF6-856F-4E06-AE28-59746CE85776}"
EndProject
Global
	GlobalSection(SolutionConfigurationPlatforms) = preSolution
		Debug|Any CPU = Debug|Any CPU
		Release|Any CPU = Release|Any CPU
	EndGlobalSection
	GlobalSection(ProjectConfigurationPlatforms) = postSolution
		{69B39EF6-856F-4E06-AE28-59746CE85776}.Debug|Any CPU.ActiveCfg = Debug|Any CPU
		{69B39EF6-856F-4E06-AE28-59746CE85776}.Debug|Any CPU.Build.0 = Debug|Any CPU
		{69B39EF6-856F-4E06-AE28-59746CE85776}.Release|Any CPU.ActiveCfg = Release|Any CPU
		{69B39EF6-856F-4E06-AE28-59746CE85776}.Release|Any CPU.Build.0 = Release|Any CPU
	EndGlobalSection
	GlobalSection(SolutionProperties) = preSolution
		HideSolutionNode = FALSE
	EndGlobalSection
	GlobalSection(ExtensibilityGlobals) = postSolution
		SolutionGuid = {971B1110-820E-402F-A649-C0074A88A692}
	EndGlobalSection
EndGlobal
